{
  "name": "workspace-npm-sidebar",
  "version": "0.0.1",
  "lockfileVersion": 3,
  "requires": true,
  "packages": {
    "": {
      "name": "workspace-npm-sidebar",
      "version": "0.0.1",
      "devDependencies": {
        "@types/vscode": "^1.90.0"
      },
      "engines": {
        "vscode": "^1.90.0"
      }
    }
  }
}
